
Microsoft Visual Studio Solution File, Format Version 12.00
# Visual Studio Version 17
VisualStudioVersion = 17.8.34309.116
MinimumVisualStudioVersion = 10.0.40219.1
Project("{9A19103F-16F7-4668-BE54-9A1E7A4F7556}") = "AICodingCoach", "AICodingCoach\AICodingCoach.csproj", "{EF35116F-D1F7-4533-BE3D-BF2466A52589}"
EndProject
Project("{2150E333-8FDC-42A3-9474-1A3956D46DE8}") = "src", "src", "{86E46696-D8F7-4CAB-97B9-00AA72E8BBC2}"
EndProject
Project("{8BC9CEB8-8B4A-11D0-8D11-00A0C91BC942}") = "Ara3D.Serialization.FBX", "..\..\ara3d\src\Ara3D.Serialization.FBX\Ara3D.Serialization.FBX.vcxproj", "{BC1A5B04-8C37-4DA5-8CA7-D6EE7EE84E0B}"
EndProject
Project("{9A19103F-16F7-4668-BE54-9A1E7A4F7556}") = "Ara3D.Utils.Wpf", "..\..\ara3d\src\Ara3D.Utils.Wpf\Ara3D.Utils.Wpf.csproj", "{98FC9311-F3BD-4C6B-8550-2DAEA7B6C4F8}"
EndProject
Project("{9A19103F-16F7-4668-BE54-9A1E7A4F7556}") = "Ara3D.Utils.Win32", "..\..\ara3d\src\Ara3D.Utils.Win32\Ara3D.Utils.Win32.csproj", "{0A6880FE-FF83-4653-B606-03A5DE73B28A}"
EndProject
Project("{9A19103F-16F7-4668-BE54-9A1E7A4F7556}") = "Ara3D.Utils.Unsafe", "..\..\ara3d\src\Ara3D.Utils.Unsafe\Ara3D.Utils.Unsafe.csproj", "{6E319352-5695-4B9B-8FD9-5E0BDEF9ACF2}"
EndProject
Project("{9A19103F-16F7-4668-BE54-9A1E7A4F7556}") = "Ara3D.Utils.Roslyn", "..\..\ara3d\src\Ara3D.Utils.Roslyn\Ara3D.Utils.Roslyn.csproj", "{84D37D98-74C3-4D48-A033-B4D90F667D6D}"
EndProject
Project("{9A19103F-16F7-4668-BE54-9A1E7A4F7556}") = "Ara3D.Utils.Dev", "..\..\ara3d\src\Ara3D.Utils.Dev\Ara3D.Utils.Dev.csproj", "{16EAAD12-EC7F-4E8C-9629-97A5C9F0CE27}"
EndProject
Project("{9A19103F-16F7-4668-BE54-9A1E7A4F7556}") = "Ara3D.Utils", "..\..\ara3d\src\Ara3D.Utils\Ara3D.Utils.csproj", "{6AE13204-E6EE-439A-8A9B-F60C72FD1683}"
EndProject
Project("{9A19103F-16F7-4668-BE54-9A1E7A4F7556}") = "Ara3D.Services", "..\..\ara3d\src\Ara3D.Services\Ara3D.Services.csproj", "{C549B485-C49B-4839-9C6E-2E2BF29B60B1}"
EndProject
Project("{9A19103F-16F7-4668-BE54-9A1E7A4F7556}") = "Ara3D.Serialization.VIM", "..\..\ara3d\src\Ara3D.Serialization.VIM\Ara3D.Serialization.VIM.csproj", "{43947247-0E64-4584-A38F-F7419056FC26}"
EndProject
Project("{9A19103F-16F7-4668-BE54-9A1E7A4F7556}") = "Ara3D.Serialization.G3D", "..\..\ara3d\src\Ara3D.Serialization.G3D\Ara3D.Serialization.G3D.csproj", "{559989D3-67C0-4732-BC8C-7710B50E48FC}"
EndProject
Project("{9A19103F-16F7-4668-BE54-9A1E7A4F7556}") = "Ara3D.Serialization.BFAST", "..\..\ara3d\src\Ara3D.Serialization.BFAST\Ara3D.Serialization.BFAST.csproj", "{369CCCD3-B6A4-4C1C-9821-7EBFAA63B768}"
EndProject
Project("{9A19103F-16F7-4668-BE54-9A1E7A4F7556}") = "Ara3D.Parsing.Grammars", "..\..\ara3d\src\Ara3D.Parsing.Grammars\Ara3D.Parsing.Grammars.csproj", "{9D263B71-FB28-499B-AF9D-B03FE11286D6}"
EndProject
Project("{9A19103F-16F7-4668-BE54-9A1E7A4F7556}") = "Ara3D.Parsing", "..\..\ara3d\src\Ara3D.Parsing\Ara3D.Parsing.csproj", "{26E2D25E-896D-4962-8553-B87C30D887CD}"
EndProject
Project("{9A19103F-16F7-4668-BE54-9A1E7A4F7556}") = "Ara3D.Interop.WPF", "..\..\ara3d\src\Ara3D.Interop.WPF\Ara3D.Interop.WPF.csproj", "{3B2B948E-44F6-41E5-A6A6-460ED61C56B9}"
EndProject
Project("{9A19103F-16F7-4668-BE54-9A1E7A4F7556}") = "Ara3D.Interop.Unity", "..\..\ara3d\src\Ara3D.Interop.Unity\Ara3D.Interop.Unity.csproj", "{07D55639-7E8C-4A46-9396-ABEDDB42C192}"
EndProject
Project("{9A19103F-16F7-4668-BE54-9A1E7A4F7556}") = "Ara3D.Interop.G3Sharp", "..\..\ara3d\src\Ara3D.Interop.G3Sharp\Ara3D.Interop.G3Sharp.csproj", "{D86FDBB9-55CF-4608-9E40-86813D2C3DF6}"
EndProject
Project("{9A19103F-16F7-4668-BE54-9A1E7A4F7556}") = "Ara3D.Interop.Assimp", "..\..\ara3d\src\Ara3D.Interop.Assimp\Ara3D.Interop.Assimp.csproj", "{D26D7A15-7336-4423-B757-82CD78E363EC}"
EndProject
Project("{9A19103F-16F7-4668-BE54-9A1E7A4F7556}") = "Ara3D.Graphics", "..\..\ara3d\src\Ara3D.Graphics\Ara3D.Graphics.csproj", "{50D5FB0C-EAE1-4520-8863-22118478AE84}"
EndProject
Project("{9A19103F-16F7-4668-BE54-9A1E7A4F7556}") = "Ara3D.Geometry", "..\..\ara3d\src\Ara3D.Geometry\Ara3D.Geometry.csproj", "{6767BC89-FAEE-4137-A578-86E96D170BA0}"
EndProject
Project("{9A19103F-16F7-4668-BE54-9A1E7A4F7556}") = "Ara3D.Domo", "..\..\ara3d\src\Ara3D.Domo\Ara3D.Domo.csproj", "{4A2D04DC-7DCE-422C-A3A7-ECBD76B64D80}"
EndProject
Project("{9A19103F-16F7-4668-BE54-9A1E7A4F7556}") = "Ara3D.Core", "..\..\ara3d\src\Ara3D.Core\Ara3D.Core.csproj", "{01BCEE07-CCFB-4827-9C88-684E183572D1}"
EndProject
Project("{9A19103F-16F7-4668-BE54-9A1E7A4F7556}") = "Ara3D.Collections", "..\..\ara3d\src\Ara3D.Collections\Ara3D.Collections.csproj", "{EAC77568-1CFB-4D57-8EA4-7567B78F8614}"
EndProject
Project("{9A19103F-16F7-4668-BE54-9A1E7A4F7556}") = "Ara3D.Buffers", "..\..\ara3d\src\Ara3D.Buffers\Ara3D.Buffers.csproj", "{5B29C0F5-ED51-4182-9B38-FA1FE3F236B8}"
EndProject
Project("{9A19103F-16F7-4668-BE54-9A1E7A4F7556}") = "Ara3D.Math", "..\..\ara3d\src\Ara3D.Math\Ara3D.Math.csproj", "{45B17E8F-2B44-4849-94AF-9A809D6783CE}"
EndProject
Project("{9A19103F-16F7-4668-BE54-9A1E7A4F7556}") = "AICodingCoachTests", "..\tests\AICodingCoachTests\AICodingCoachTests.csproj", "{B0C0CDBD-FB76-4855-BB50-29E656899CB4}"
EndProject
Project("{2150E333-8FDC-42A3-9474-1A3956D46DE8}") = "misc", "misc", "{63C5EC1B-54A5-42E2-A359-E3EBE9C5D0F6}"
	ProjectSection(SolutionItems) = preProject
		..\README.md = ..\README.md
	EndProjectSection
EndProject
Project("{54435603-DBB4-11D2-8724-00A0C9A8B90C}") = "AICodingCoachSetup", "AICodingCoachSetup\AICodingCoachSetup.vdproj", "{6B564022-3DA1-4069-8C36-E20AF9ED70BC}"
EndProject
Project("{B7DD6F7E-DEF8-4E67-B5B7-07EF123DB6F0}") = "CodingCoachInstaller", "CodingCoachInstaller\CodingCoachInstaller.wixproj", "{2EDBC5AF-7F29-4158-997D-2615D5D39CFD}"
EndProject
Global
	GlobalSection(SolutionConfigurationPlatforms) = preSolution
		Debug|Any CPU = Debug|Any CPU
		Debug|ARM64 = Debug|ARM64
		Debug|x64 = Debug|x64
		Debug|x86 = Debug|x86
		Release|Any CPU = Release|Any CPU
		Release|ARM64 = Release|ARM64
		Release|x64 = Release|x64
		Release|x86 = Release|x86
	EndGlobalSection
	GlobalSection(ProjectConfigurationPlatforms) = postSolution
		{EF35116F-D1F7-4533-BE3D-BF2466A52589}.Debug|Any CPU.ActiveCfg = Debug|Any CPU
		{EF35116F-D1F7-4533-BE3D-BF2466A52589}.Debug|Any CPU.Build.0 = Debug|Any CPU
		{EF35116F-D1F7-4533-BE3D-BF2466A52589}.Debug|ARM64.ActiveCfg = Debug|Any CPU
		{EF35116F-D1F7-4533-BE3D-BF2466A52589}.Debug|ARM64.Build.0 = Debug|Any CPU
		{EF35116F-D1F7-4533-BE3D-BF2466A52589}.Debug|x64.ActiveCfg = Debug|Any CPU
		{EF35116F-D1F7-4533-BE3D-BF2466A52589}.Debug|x64.Build.0 = Debug|Any CPU
		{EF35116F-D1F7-4533-BE3D-BF2466A52589}.Debug|x86.ActiveCfg = Debug|Any CPU
		{EF35116F-D1F7-4533-BE3D-BF2466A52589}.Debug|x86.Build.0 = Debug|Any CPU
		{EF35116F-D1F7-4533-BE3D-BF2466A52589}.Release|Any CPU.ActiveCfg = Release|Any CPU
		{EF35116F-D1F7-4533-BE3D-BF2466A52589}.Release|Any CPU.Build.0 = Release|Any CPU
		{EF35116F-D1F7-4533-BE3D-BF2466A52589}.Release|ARM64.ActiveCfg = Release|Any CPU
		{EF35116F-D1F7-4533-BE3D-BF2466A52589}.Release|ARM64.Build.0 = Release|Any CPU
		{EF35116F-D1F7-4533-BE3D-BF2466A52589}.Release|x64.ActiveCfg = Release|Any CPU
		{EF35116F-D1F7-4533-BE3D-BF2466A52589}.Release|x64.Build.0 = Release|Any CPU
		{EF35116F-D1F7-4533-BE3D-BF2466A52589}.Release|x86.ActiveCfg = Release|Any CPU
		{EF35116F-D1F7-4533-BE3D-BF2466A52589}.Release|x86.Build.0 = Release|Any CPU
		{BC1A5B04-8C37-4DA5-8CA7-D6EE7EE84E0B}.Debug|Any CPU.ActiveCfg = Debug|x64
		{BC1A5B04-8C37-4DA5-8CA7-D6EE7EE84E0B}.Debug|Any CPU.Build.0 = Debug|x64
		{BC1A5B04-8C37-4DA5-8CA7-D6EE7EE84E0B}.Debug|ARM64.ActiveCfg = Debug|x64
		{BC1A5B04-8C37-4DA5-8CA7-D6EE7EE84E0B}.Debug|ARM64.Build.0 = Debug|x64
		{BC1A5B04-8C37-4DA5-8CA7-D6EE7EE84E0B}.Debug|x64.ActiveCfg = Debug|x64
		{BC1A5B04-8C37-4DA5-8CA7-D6EE7EE84E0B}.Debug|x64.Build.0 = Debug|x64
		{BC1A5B04-8C37-4DA5-8CA7-D6EE7EE84E0B}.Debug|x86.ActiveCfg = Debug|x64
		{BC1A5B04-8C37-4DA5-8CA7-D6EE7EE84E0B}.Debug|x86.Build.0 = Debug|x64
		{BC1A5B04-8C37-4DA5-8CA7-D6EE7EE84E0B}.Release|Any CPU.ActiveCfg = Release|x64
		{BC1A5B04-8C37-4DA5-8CA7-D6EE7EE84E0B}.Release|Any CPU.Build.0 = Release|x64
		{BC1A5B04-8C37-4DA5-8CA7-D6EE7EE84E0B}.Release|ARM64.ActiveCfg = Release|x64
		{BC1A5B04-8C37-4DA5-8CA7-D6EE7EE84E0B}.Release|ARM64.Build.0 = Release|x64
		{BC1A5B04-8C37-4DA5-8CA7-D6EE7EE84E0B}.Release|x64.ActiveCfg = Release|x64
		{BC1A5B04-8C37-4DA5-8CA7-D6EE7EE84E0B}.Release|x64.Build.0 = Release|x64
		{BC1A5B04-8C37-4DA5-8CA7-D6EE7EE84E0B}.Release|x86.ActiveCfg = Release|x64
		{BC1A5B04-8C37-4DA5-8CA7-D6EE7EE84E0B}.Release|x86.Build.0 = Release|x64
		{98FC9311-F3BD-4C6B-8550-2DAEA7B6C4F8}.Debug|Any CPU.ActiveCfg = Debug|Any CPU
		{98FC9311-F3BD-4C6B-8550-2DAEA7B6C4F8}.Debug|Any CPU.Build.0 = Debug|Any CPU
		{98FC9311-F3BD-4C6B-8550-2DAEA7B6C4F8}.Debug|ARM64.ActiveCfg = Debug|Any CPU
		{98FC9311-F3BD-4C6B-8550-2DAEA7B6C4F8}.Debug|ARM64.Build.0 = Debug|Any CPU
		{98FC9311-F3BD-4C6B-8550-2DAEA7B6C4F8}.Debug|x64.ActiveCfg = Debug|Any CPU
		{98FC9311-F3BD-4C6B-8550-2DAEA7B6C4F8}.Debug|x64.Build.0 = Debug|Any CPU
		{98FC9311-F3BD-4C6B-8550-2DAEA7B6C4F8}.Debug|x86.ActiveCfg = Debug|Any CPU
		{98FC9311-F3BD-4C6B-8550-2DAEA7B6C4F8}.Debug|x86.Build.0 = Debug|Any CPU
		{98FC9311-F3BD-4C6B-8550-2DAEA7B6C4F8}.Release|Any CPU.ActiveCfg = Release|Any CPU
		{98FC9311-F3BD-4C6B-8550-2DAEA7B6C4F8}.Release|Any CPU.Build.0 = Release|Any CPU
		{98FC9311-F3BD-4C6B-8550-2DAEA7B6C4F8}.Release|ARM64.ActiveCfg = Release|Any CPU
		{98FC9311-F3BD-4C6B-8550-2DAEA7B6C4F8}.Release|ARM64.Build.0 = Release|Any CPU
		{98FC9311-F3BD-4C6B-8550-2DAEA7B6C4F8}.Release|x64.ActiveCfg = Release|Any CPU
		{98FC9311-F3BD-4C6B-8550-2DAEA7B6C4F8}.Release|x64.Build.0 = Release|Any CPU
		{98FC9311-F3BD-4C6B-8550-2DAEA7B6C4F8}.Release|x86.ActiveCfg = Release|Any CPU
		{98FC9311-F3BD-4C6B-8550-2DAEA7B6C4F8}.Release|x86.Build.0 = Release|Any CPU
		{0A6880FE-FF83-4653-B606-03A5DE73B28A}.Debug|Any CPU.ActiveCfg = Debug|Any CPU
		{0A6880FE-FF83-4653-B606-03A5DE73B28A}.Debug|Any CPU.Build.0 = Debug|Any CPU
		{0A6880FE-FF83-4653-B606-03A5DE73B28A}.Debug|ARM64.ActiveCfg = Debug|Any CPU
		{0A6880FE-FF83-4653-B606-03A5DE73B28A}.Debug|ARM64.Build.0 = Debug|Any CPU
		{0A6880FE-FF83-4653-B606-03A5DE73B28A}.Debug|x64.ActiveCfg = Debug|Any CPU
		{0A6880FE-FF83-4653-B606-03A5DE73B28A}.Debug|x64.Build.0 = Debug|Any CPU
		{0A6880FE-FF83-4653-B606-03A5DE73B28A}.Debug|x86.ActiveCfg = Debug|Any CPU
		{0A6880FE-FF83-4653-B606-03A5DE73B28A}.Debug|x86.Build.0 = Debug|Any CPU
		{0A6880FE-FF83-4653-B606-03A5DE73B28A}.Release|Any CPU.ActiveCfg = Release|Any CPU
		{0A6880FE-FF83-4653-B606-03A5DE73B28A}.Release|Any CPU.Build.0 = Release|Any CPU
		{0A6880FE-FF83-4653-B606-03A5DE73B28A}.Release|ARM64.ActiveCfg = Release|Any CPU
		{0A6880FE-FF83-4653-B606-03A5DE73B28A}.Release|ARM64.Build.0 = Release|Any CPU
		{0A6880FE-FF83-4653-B606-03A5DE73B28A}.Release|x64.ActiveCfg = Release|Any CPU
		{0A6880FE-FF83-4653-B606-03A5DE73B28A}.Release|x64.Build.0 = Release|Any CPU
		{0A6880FE-FF83-4653-B606-03A5DE73B28A}.Release|x86.ActiveCfg = Release|Any CPU
		{0A6880FE-FF83-4653-B606-03A5DE73B28A}.Release|x86.Build.0 = Release|Any CPU
		{6E319352-5695-4B9B-8FD9-5E0BDEF9ACF2}.Debug|Any CPU.ActiveCfg = Debug|Any CPU
		{6E319352-5695-4B9B-8FD9-5E0BDEF9ACF2}.Debug|Any CPU.Build.0 = Debug|Any CPU
		{6E319352-5695-4B9B-8FD9-5E0BDEF9ACF2}.Debug|ARM64.ActiveCfg = Debug|Any CPU
		{6E319352-5695-4B9B-8FD9-5E0BDEF9ACF2}.Debug|ARM64.Build.0 = Debug|Any CPU
		{6E319352-5695-4B9B-8FD9-5E0BDEF9ACF2}.Debug|x64.ActiveCfg = Debug|Any CPU
		{6E319352-5695-4B9B-8FD9-5E0BDEF9ACF2}.Debug|x64.Build.0 = Debug|Any CPU
		{6E319352-5695-4B9B-8FD9-5E0BDEF9ACF2}.Debug|x86.ActiveCfg = Debug|Any CPU
		{6E319352-5695-4B9B-8FD9-5E0BDEF9ACF2}.Debug|x86.Build.0 = Debug|Any CPU
		{6E319352-5695-4B9B-8FD9-5E0BDEF9ACF2}.Release|Any CPU.ActiveCfg = Release|Any CPU
		{6E319352-5695-4B9B-8FD9-5E0BDEF9ACF2}.Release|Any CPU.Build.0 = Release|Any CPU
		{6E319352-5695-4B9B-8FD9-5E0BDEF9ACF2}.Release|ARM64.ActiveCfg = Release|Any CPU
		{6E319352-5695-4B9B-8FD9-5E0BDEF9ACF2}.Release|ARM64.Build.0 = Release|Any CPU
		{6E319352-5695-4B9B-8FD9-5E0BDEF9ACF2}.Release|x64.ActiveCfg = Release|Any CPU
		{6E319352-5695-4B9B-8FD9-5E0BDEF9ACF2}.Release|x64.Build.0 = Release|Any CPU
		{6E319352-5695-4B9B-8FD9-5E0BDEF9ACF2}.Release|x86.ActiveCfg = Release|Any CPU
		{6E319352-5695-4B9B-8FD9-5E0BDEF9ACF2}.Release|x86.Build.0 = Release|Any CPU
		{84D37D98-74C3-4D48-A033-B4D90F667D6D}.Debug|Any CPU.ActiveCfg = Debug|Any CPU
		{84D37D98-74C3-4D48-A033-B4D90F667D6D}.Debug|Any CPU.Build.0 = Debug|Any CPU
		{84D37D98-74C3-4D48-A033-B4D90F667D6D}.Debug|ARM64.ActiveCfg = Debug|Any CPU
		{84D37D98-74C3-4D48-A033-B4D90F667D6D}.Debug|ARM64.Build.0 = Debug|Any CPU
		{84D37D98-74C3-4D48-A033-B4D90F667D6D}.Debug|x64.ActiveCfg = Debug|Any CPU
		{84D37D98-74C3-4D48-A033-B4D90F667D6D}.Debug|x64.Build.0 = Debug|Any CPU
		{84D37D98-74C3-4D48-A033-B4D90F667D6D}.Debug|x86.ActiveCfg = Debug|Any CPU
		{84D37D98-74C3-4D48-A033-B4D90F667D6D}.Debug|x86.Build.0 = Debug|Any CPU
		{84D37D98-74C3-4D48-A033-B4D90F667D6D}.Release|Any CPU.ActiveCfg = Release|Any CPU
		{84D37D98-74C3-4D48-A033-B4D90F667D6D}.Release|Any CPU.Build.0 = Release|Any CPU
		{84D37D98-74C3-4D48-A033-B4D90F667D6D}.Release|ARM64.ActiveCfg = Release|Any CPU
		{84D37D98-74C3-4D48-A033-B4D90F667D6D}.Release|ARM64.Build.0 = Release|Any CPU
		{84D37D98-74C3-4D48-A033-B4D90F667D6D}.Release|x64.ActiveCfg = Release|Any CPU
		{84D37D98-74C3-4D48-A033-B4D90F667D6D}.Release|x64.Build.0 = Release|Any CPU
		{84D37D98-74C3-4D48-A033-B4D90F667D6D}.Release|x86.ActiveCfg = Release|Any CPU
		{84D37D98-74C3-4D48-A033-B4D90F667D6D}.Release|x86.Build.0 = Release|Any CPU
		{16EAAD12-EC7F-4E8C-9629-97A5C9F0CE27}.Debug|Any CPU.ActiveCfg = Debug|Any CPU
		{16EAAD12-EC7F-4E8C-9629-97A5C9F0CE27}.Debug|Any CPU.Build.0 = Debug|Any CPU
		{16EAAD12-EC7F-4E8C-9629-97A5C9F0CE27}.Debug|ARM64.ActiveCfg = Debug|Any CPU
		{16EAAD12-EC7F-4E8C-9629-97A5C9F0CE27}.Debug|ARM64.Build.0 = Debug|Any CPU
		{16EAAD12-EC7F-4E8C-9629-97A5C9F0CE27}.Debug|x64.ActiveCfg = Debug|Any CPU
		{16EAAD12-EC7F-4E8C-9629-97A5C9F0CE27}.Debug|x64.Build.0 = Debug|Any CPU
		{16EAAD12-EC7F-4E8C-9629-97A5C9F0CE27}.Debug|x86.ActiveCfg = Debug|Any CPU
		{16EAAD12-EC7F-4E8C-9629-97A5C9F0CE27}.Debug|x86.Build.0 = Debug|Any CPU
		{16EAAD12-EC7F-4E8C-9629-97A5C9F0CE27}.Release|Any CPU.ActiveCfg = Release|Any CPU
		{16EAAD12-EC7F-4E8C-9629-97A5C9F0CE27}.Release|Any CPU.Build.0 = Release|Any CPU
		{16EAAD12-EC7F-4E8C-9629-97A5C9F0CE27}.Release|ARM64.ActiveCfg = Release|Any CPU
		{16EAAD12-EC7F-4E8C-9629-97A5C9F0CE27}.Release|ARM64.Build.0 = Release|Any CPU
		{16EAAD12-EC7F-4E8C-9629-97A5C9F0CE27}.Release|x64.ActiveCfg = Release|Any CPU
		{16EAAD12-EC7F-4E8C-9629-97A5C9F0CE27}.Release|x64.Build.0 = Release|Any CPU
		{16EAAD12-EC7F-4E8C-9629-97A5C9F0CE27}.Release|x86.ActiveCfg = Release|Any CPU
		{16EAAD12-EC7F-4E8C-9629-97A5C9F0CE27}.Release|x86.Build.0 = Release|Any CPU
		{6AE13204-E6EE-439A-8A9B-F60C72FD1683}.Debug|Any CPU.ActiveCfg = Debug|Any CPU
		{6AE13204-E6EE-439A-8A9B-F60C72FD1683}.Debug|Any CPU.Build.0 = Debug|Any CPU
		{6AE13204-E6EE-439A-8A9B-F60C72FD1683}.Debug|ARM64.ActiveCfg = Debug|Any CPU
		{6AE13204-E6EE-439A-8A9B-F60C72FD1683}.Debug|ARM64.Build.0 = Debug|Any CPU
		{6AE13204-E6EE-439A-8A9B-F60C72FD1683}.Debug|x64.ActiveCfg = Debug|Any CPU
		{6AE13204-E6EE-439A-8A9B-F60C72FD1683}.Debug|x64.Build.0 = Debug|Any CPU
		{6AE13204-E6EE-439A-8A9B-F60C72FD1683}.Debug|x86.ActiveCfg = Debug|Any CPU
		{6AE13204-E6EE-439A-8A9B-F60C72FD1683}.Debug|x86.Build.0 = Debug|Any CPU
		{6AE13204-E6EE-439A-8A9B-F60C72FD1683}.Release|Any CPU.ActiveCfg = Release|Any CPU
		{6AE13204-E6EE-439A-8A9B-F60C72FD1683}.Release|Any CPU.Build.0 = Release|Any CPU
		{6AE13204-E6EE-439A-8A9B-F60C72FD1683}.Release|ARM64.ActiveCfg = Release|Any CPU
		{6AE13204-E6EE-439A-8A9B-F60C72FD1683}.Release|ARM64.Build.0 = Release|Any CPU
		{6AE13204-E6EE-439A-8A9B-F60C72FD1683}.Release|x64.ActiveCfg = Release|Any CPU
		{6AE13204-E6EE-439A-8A9B-F60C72FD1683}.Release|x64.Build.0 = Release|Any CPU
		{6AE13204-E6EE-439A-8A9B-F60C72FD1683}.Release|x86.ActiveCfg = Release|Any CPU
		{6AE13204-E6EE-439A-8A9B-F60C72FD1683}.Release|x86.Build.0 = Release|Any CPU
		{C549B485-C49B-4839-9C6E-2E2BF29B60B1}.Debug|Any CPU.ActiveCfg = Debug|Any CPU
		{C549B485-C49B-4839-9C6E-2E2BF29B60B1}.Debug|Any CPU.Build.0 = Debug|Any CPU
		{C549B485-C49B-4839-9C6E-2E2BF29B60B1}.Debug|ARM64.ActiveCfg = Debug|Any CPU
		{C549B485-C49B-4839-9C6E-2E2BF29B60B1}.Debug|ARM64.Build.0 = Debug|Any CPU
		{C549B485-C49B-4839-9C6E-2E2BF29B60B1}.Debug|x64.ActiveCfg = Debug|Any CPU
		{C549B485-C49B-4839-9C6E-2E2BF29B60B1}.Debug|x64.Build.0 = Debug|Any CPU
		{C549B485-C49B-4839-9C6E-2E2BF29B60B1}.Debug|x86.ActiveCfg = Debug|Any CPU
		{C549B485-C49B-4839-9C6E-2E2BF29B60B1}.Debug|x86.Build.0 = Debug|Any CPU
		{C549B485-C49B-4839-9C6E-2E2BF29B60B1}.Release|Any CPU.ActiveCfg = Release|Any CPU
		{C549B485-C49B-4839-9C6E-2E2BF29B60B1}.Release|Any CPU.Build.0 = Release|Any CPU
		{C549B485-C49B-4839-9C6E-2E2BF29B60B1}.Release|ARM64.ActiveCfg = Release|Any CPU
		{C549B485-C49B-4839-9C6E-2E2BF29B60B1}.Release|ARM64.Build.0 = Release|Any CPU
		{C549B485-C49B-4839-9C6E-2E2BF29B60B1}.Release|x64.ActiveCfg = Release|Any CPU
		{C549B485-C49B-4839-9C6E-2E2BF29B60B1}.Release|x64.Build.0 = Release|Any CPU
		{C549B485-C49B-4839-9C6E-2E2BF29B60B1}.Release|x86.ActiveCfg = Release|Any CPU
		{C549B485-C49B-4839-9C6E-2E2BF29B60B1}.Release|x86.Build.0 = Release|Any CPU
		{43947247-0E64-4584-A38F-F7419056FC26}.Debug|Any CPU.ActiveCfg = Debug|Any CPU
		{43947247-0E64-4584-A38F-F7419056FC26}.Debug|Any CPU.Build.0 = Debug|Any CPU
		{43947247-0E64-4584-A38F-F7419056FC26}.Debug|ARM64.ActiveCfg = Debug|Any CPU
		{43947247-0E64-4584-A38F-F7419056FC26}.Debug|ARM64.Build.0 = Debug|Any CPU
		{43947247-0E64-4584-A38F-F7419056FC26}.Debug|x64.ActiveCfg = Debug|Any CPU
		{43947247-0E64-4584-A38F-F7419056FC26}.Debug|x64.Build.0 = Debug|Any CPU
		{43947247-0E64-4584-A38F-F7419056FC26}.Debug|x86.ActiveCfg = Debug|Any CPU
		{43947247-0E64-4584-A38F-F7419056FC26}.Debug|x86.Build.0 = Debug|Any CPU
		{43947247-0E64-4584-A38F-F7419056FC26}.Release|Any CPU.ActiveCfg = Release|Any CPU
		{43947247-0E64-4584-A38F-F7419056FC26}.Release|Any CPU.Build.0 = Release|Any CPU
		{43947247-0E64-4584-A38F-F7419056FC26}.Release|ARM64.ActiveCfg = Release|Any CPU
		{43947247-0E64-4584-A38F-F7419056FC26}.Release|ARM64.Build.0 = Release|Any CPU
		{43947247-0E64-4584-A38F-F7419056FC26}.Release|x64.ActiveCfg = Release|Any CPU
		{43947247-0E64-4584-A38F-F7419056FC26}.Release|x64.Build.0 = Release|Any CPU
		{43947247-0E64-4584-A38F-F7419056FC26}.Release|x86.ActiveCfg = Release|Any CPU
		{43947247-0E64-4584-A38F-F7419056FC26}.Release|x86.Build.0 = Release|Any CPU
		{559989D3-67C0-4732-BC8C-7710B50E48FC}.Debug|Any CPU.ActiveCfg = Debug|Any CPU
		{559989D3-67C0-4732-BC8C-7710B50E48FC}.Debug|Any CPU.Build.0 = Debug|Any CPU
		{559989D3-67C0-4732-BC8C-7710B50E48FC}.Debug|ARM64.ActiveCfg = Debug|Any CPU
		{559989D3-67C0-4732-BC8C-7710B50E48FC}.Debug|ARM64.Build.0 = Debug|Any CPU
		{559989D3-67C0-4732-BC8C-7710B50E48FC}.Debug|x64.ActiveCfg = Debug|Any CPU
		{559989D3-67C0-4732-BC8C-7710B50E48FC}.Debug|x64.Build.0 = Debug|Any CPU
		{559989D3-67C0-4732-BC8C-7710B50E48FC}.Debug|x86.ActiveCfg = Debug|Any CPU
		{559989D3-67C0-4732-BC8C-7710B50E48FC}.Debug|x86.Build.0 = Debug|Any CPU
		{559989D3-67C0-4732-BC8C-7710B50E48FC}.Release|Any CPU.ActiveCfg = Release|Any CPU
		{559989D3-67C0-4732-BC8C-7710B50E48FC}.Release|Any CPU.Build.0 = Release|Any CPU
		{559989D3-67C0-4732-BC8C-7710B50E48FC}.Release|ARM64.ActiveCfg = Release|Any CPU
		{559989D3-67C0-4732-BC8C-7710B50E48FC}.Release|ARM64.Build.0 = Release|Any CPU
		{559989D3-67C0-4732-BC8C-7710B50E48FC}.Release|x64.ActiveCfg = Release|Any CPU
		{559989D3-67C0-4732-BC8C-7710B50E48FC}.Release|x64.Build.0 = Release|Any CPU
		{559989D3-67C0-4732-BC8C-7710B50E48FC}.Release|x86.ActiveCfg = Release|Any CPU
		{559989D3-67C0-4732-BC8C-7710B50E48FC}.Release|x86.Build.0 = Release|Any CPU
		{369CCCD3-B6A4-4C1C-9821-7EBFAA63B768}.Debug|Any CPU.ActiveCfg = Debug|Any CPU
		{369CCCD3-B6A4-4C1C-9821-7EBFAA63B768}.Debug|Any CPU.Build.0 = Debug|Any CPU
		{369CCCD3-B6A4-4C1C-9821-7EBFAA63B768}.Debug|ARM64.ActiveCfg = Debug|Any CPU
		{369CCCD3-B6A4-4C1C-9821-7EBFAA63B768}.Debug|ARM64.Build.0 = Debug|Any CPU
		{369CCCD3-B6A4-4C1C-9821-7EBFAA63B768}.Debug|x64.ActiveCfg = Debug|Any CPU
		{369CCCD3-B6A4-4C1C-9821-7EBFAA63B768}.Debug|x64.Build.0 = Debug|Any CPU
		{369CCCD3-B6A4-4C1C-9821-7EBFAA63B768}.Debug|x86.ActiveCfg = Debug|Any CPU
		{369CCCD3-B6A4-4C1C-9821-7EBFAA63B768}.Debug|x86.Build.0 = Debug|Any CPU
		{369CCCD3-B6A4-4C1C-9821-7EBFAA63B768}.Release|Any CPU.ActiveCfg = Release|Any CPU
		{369CCCD3-B6A4-4C1C-9821-7EBFAA63B768}.Release|Any CPU.Build.0 = Release|Any CPU
		{369CCCD3-B6A4-4C1C-9821-7EBFAA63B768}.Release|ARM64.ActiveCfg = Release|Any CPU
		{369CCCD3-B6A4-4C1C-9821-7EBFAA63B768}.Release|ARM64.Build.0 = Release|Any CPU
		{369CCCD3-B6A4-4C1C-9821-7EBFAA63B768}.Release|x64.ActiveCfg = Release|Any CPU
		{369CCCD3-B6A4-4C1C-9821-7EBFAA63B768}.Release|x64.Build.0 = Release|Any CPU
		{369CCCD3-B6A4-4C1C-9821-7EBFAA63B768}.Release|x86.ActiveCfg = Release|Any CPU
		{369CCCD3-B6A4-4C1C-9821-7EBFAA63B768}.Release|x86.Build.0 = Release|Any CPU
		{9D263B71-FB28-499B-AF9D-B03FE11286D6}.Debug|Any CPU.ActiveCfg = Debug|Any CPU
		{9D263B71-FB28-499B-AF9D-B03FE11286D6}.Debug|Any CPU.Build.0 = Debug|Any CPU
		{9D263B71-FB28-499B-AF9D-B03FE11286D6}.Debug|ARM64.ActiveCfg = Debug|Any CPU
		{9D263B71-FB28-499B-AF9D-B03FE11286D6}.Debug|ARM64.Build.0 = Debug|Any CPU
		{9D263B71-FB28-499B-AF9D-B03FE11286D6}.Debug|x64.ActiveCfg = Debug|Any CPU
		{9D263B71-FB28-499B-AF9D-B03FE11286D6}.Debug|x64.Build.0 = Debug|Any CPU
		{9D263B71-FB28-499B-AF9D-B03FE11286D6}.Debug|x86.ActiveCfg = Debug|Any CPU
		{9D263B71-FB28-499B-AF9D-B03FE11286D6}.Debug|x86.Build.0 = Debug|Any CPU
		{9D263B71-FB28-499B-AF9D-B03FE11286D6}.Release|Any CPU.ActiveCfg = Release|Any CPU
		{9D263B71-FB28-499B-AF9D-B03FE11286D6}.Release|Any CPU.Build.0 = Release|Any CPU
		{9D263B71-FB28-499B-AF9D-B03FE11286D6}.Release|ARM64.ActiveCfg = Release|Any CPU
		{9D263B71-FB28-499B-AF9D-B03FE11286D6}.Release|ARM64.Build.0 = Release|Any CPU
		{9D263B71-FB28-499B-AF9D-B03FE11286D6}.Release|x64.ActiveCfg = Release|Any CPU
		{9D263B71-FB28-499B-AF9D-B03FE11286D6}.Release|x64.Build.0 = Release|Any CPU
		{9D263B71-FB28-499B-AF9D-B03FE11286D6}.Release|x86.ActiveCfg = Release|Any CPU
		{9D263B71-FB28-499B-AF9D-B03FE11286D6}.Release|x86.Build.0 = Release|Any CPU
		{26E2D25E-896D-4962-8553-B87C30D887CD}.Debug|Any CPU.ActiveCfg = Debug|Any CPU
		{26E2D25E-896D-4962-8553-B87C30D887CD}.Debug|Any CPU.Build.0 = Debug|Any CPU
		{26E2D25E-896D-4962-8553-B87C30D887CD}.Debug|ARM64.ActiveCfg = Debug|Any CPU
		{26E2D25E-896D-4962-8553-B87C30D887CD}.Debug|ARM64.Build.0 = Debug|Any CPU
		{26E2D25E-896D-4962-8553-B87C30D887CD}.Debug|x64.ActiveCfg = Debug|Any CPU
		{26E2D25E-896D-4962-8553-B87C30D887CD}.Debug|x64.Build.0 = Debug|Any CPU
		{26E2D25E-896D-4962-8553-B87C30D887CD}.Debug|x86.ActiveCfg = Debug|Any CPU
		{26E2D25E-896D-4962-8553-B87C30D887CD}.Debug|x86.Build.0 = Debug|Any CPU
		{26E2D25E-896D-4962-8553-B87C30D887CD}.Release|Any CPU.ActiveCfg = Release|Any CPU
		{26E2D25E-896D-4962-8553-B87C30D887CD}.Release|Any CPU.Build.0 = Release|Any CPU
		{26E2D25E-896D-4962-8553-B87C30D887CD}.Release|ARM64.ActiveCfg = Release|Any CPU
		{26E2D25E-896D-4962-8553-B87C30D887CD}.Release|ARM64.Build.0 = Release|Any CPU
		{26E2D25E-896D-4962-8553-B87C30D887CD}.Release|x64.ActiveCfg = Release|Any CPU
		{26E2D25E-896D-4962-8553-B87C30D887CD}.Release|x64.Build.0 = Release|Any CPU
		{26E2D25E-896D-4962-8553-B87C30D887CD}.Release|x86.ActiveCfg = Release|Any CPU
		{26E2D25E-896D-4962-8553-B87C30D887CD}.Release|x86.Build.0 = Release|Any CPU
		{3B2B948E-44F6-41E5-A6A6-460ED61C56B9}.Debug|Any CPU.ActiveCfg = Debug|Any CPU
		{3B2B948E-44F6-41E5-A6A6-460ED61C56B9}.Debug|Any CPU.Build.0 = Debug|Any CPU
		{3B2B948E-44F6-41E5-A6A6-460ED61C56B9}.Debug|ARM64.ActiveCfg = Debug|Any CPU
		{3B2B948E-44F6-41E5-A6A6-460ED61C56B9}.Debug|ARM64.Build.0 = Debug|Any CPU
		{3B2B948E-44F6-41E5-A6A6-460ED61C56B9}.Debug|x64.ActiveCfg = Debug|Any CPU
		{3B2B948E-44F6-41E5-A6A6-460ED61C56B9}.Debug|x64.Build.0 = Debug|Any CPU
		{3B2B948E-44F6-41E5-A6A6-460ED61C56B9}.Debug|x86.ActiveCfg = Debug|Any CPU
		{3B2B948E-44F6-41E5-A6A6-460ED61C56B9}.Debug|x86.Build.0 = Debug|Any CPU
		{3B2B948E-44F6-41E5-A6A6-460ED61C56B9}.Release|Any CPU.ActiveCfg = Release|Any CPU
		{3B2B948E-44F6-41E5-A6A6-460ED61C56B9}.Release|Any CPU.Build.0 = Release|Any CPU
		{3B2B948E-44F6-41E5-A6A6-460ED61C56B9}.Release|ARM64.ActiveCfg = Release|Any CPU
		{3B2B948E-44F6-41E5-A6A6-460ED61C56B9}.Release|ARM64.Build.0 = Release|Any CPU
		{3B2B948E-44F6-41E5-A6A6-460ED61C56B9}.Release|x64.ActiveCfg = Release|Any CPU
		{3B2B948E-44F6-41E5-A6A6-460ED61C56B9}.Release|x64.Build.0 = Release|Any CPU
		{3B2B948E-44F6-41E5-A6A6-460ED61C56B9}.Release|x86.ActiveCfg = Release|Any CPU
		{3B2B948E-44F6-41E5-A6A6-460ED61C56B9}.Release|x86.Build.0 = Release|Any CPU
		{07D55639-7E8C-4A46-9396-ABEDDB42C192}.Debug|Any CPU.ActiveCfg = Debug|Any CPU
		{07D55639-7E8C-4A46-9396-ABEDDB42C192}.Debug|Any CPU.Build.0 = Debug|Any CPU
		{07D55639-7E8C-4A46-9396-ABEDDB42C192}.Debug|ARM64.ActiveCfg = Debug|Any CPU
		{07D55639-7E8C-4A46-9396-ABEDDB42C192}.Debug|ARM64.Build.0 = Debug|Any CPU
		{07D55639-7E8C-4A46-9396-ABEDDB42C192}.Debug|x64.ActiveCfg = Debug|Any CPU
		{07D55639-7E8C-4A46-9396-ABEDDB42C192}.Debug|x64.Build.0 = Debug|Any CPU
		{07D55639-7E8C-4A46-9396-ABEDDB42C192}.Debug|x86.ActiveCfg = Debug|Any CPU
		{07D55639-7E8C-4A46-9396-ABEDDB42C192}.Debug|x86.Build.0 = Debug|Any CPU
		{07D55639-7E8C-4A46-9396-ABEDDB42C192}.Release|Any CPU.ActiveCfg = Release|Any CPU
		{07D55639-7E8C-4A46-9396-ABEDDB42C192}.Release|Any CPU.Build.0 = Release|Any CPU
		{07D55639-7E8C-4A46-9396-ABEDDB42C192}.Release|ARM64.ActiveCfg = Release|Any CPU
		{07D55639-7E8C-4A46-9396-ABEDDB42C192}.Release|ARM64.Build.0 = Release|Any CPU
		{07D55639-7E8C-4A46-9396-ABEDDB42C192}.Release|x64.ActiveCfg = Release|Any CPU
		{07D55639-7E8C-4A46-9396-ABEDDB42C192}.Release|x64.Build.0 = Release|Any CPU
		{07D55639-7E8C-4A46-9396-ABEDDB42C192}.Release|x86.ActiveCfg = Release|Any CPU
		{07D55639-7E8C-4A46-9396-ABEDDB42C192}.Release|x86.Build.0 = Release|Any CPU
		{D86FDBB9-55CF-4608-9E40-86813D2C3DF6}.Debug|Any CPU.ActiveCfg = Debug|Any CPU
		{D86FDBB9-55CF-4608-9E40-86813D2C3DF6}.Debug|Any CPU.Build.0 = Debug|Any CPU
		{D86FDBB9-55CF-4608-9E40-86813D2C3DF6}.Debug|ARM64.ActiveCfg = Debug|Any CPU
		{D86FDBB9-55CF-4608-9E40-86813D2C3DF6}.Debug|ARM64.Build.0 = Debug|Any CPU
		{D86FDBB9-55CF-4608-9E40-86813D2C3DF6}.Debug|x64.ActiveCfg = Debug|Any CPU
		{D86FDBB9-55CF-4608-9E40-86813D2C3DF6}.Debug|x64.Build.0 = Debug|Any CPU
		{D86FDBB9-55CF-4608-9E40-86813D2C3DF6}.Debug|x86.ActiveCfg = Debug|Any CPU
		{D86FDBB9-55CF-4608-9E40-86813D2C3DF6}.Debug|x86.Build.0 = Debug|Any CPU
		{D86FDBB9-55CF-4608-9E40-86813D2C3DF6}.Release|Any CPU.ActiveCfg = Release|Any CPU
		{D86FDBB9-55CF-4608-9E40-86813D2C3DF6}.Release|Any CPU.Build.0 = Release|Any CPU
		{D86FDBB9-55CF-4608-9E40-86813D2C3DF6}.Release|ARM64.ActiveCfg = Release|Any CPU
		{D86FDBB9-55CF-4608-9E40-86813D2C3DF6}.Release|ARM64.Build.0 = Release|Any CPU
		{D86FDBB9-55CF-4608-9E40-86813D2C3DF6}.Release|x64.ActiveCfg = Release|Any CPU
		{D86FDBB9-55CF-4608-9E40-86813D2C3DF6}.Release|x64.Build.0 = Release|Any CPU
		{D86FDBB9-55CF-4608-9E40-86813D2C3DF6}.Release|x86.ActiveCfg = Release|Any CPU
		{D86FDBB9-55CF-4608-9E40-86813D2C3DF6}.Release|x86.Build.0 = Release|Any CPU
		{D26D7A15-7336-4423-B757-82CD78E363EC}.Debug|Any CPU.ActiveCfg = Debug|Any CPU
		{D26D7A15-7336-4423-B757-82CD78E363EC}.Debug|Any CPU.Build.0 = Debug|Any CPU
		{D26D7A15-7336-4423-B757-82CD78E363EC}.Debug|ARM64.ActiveCfg = Debug|Any CPU
		{D26D7A15-7336-4423-B757-82CD78E363EC}.Debug|ARM64.Build.0 = Debug|Any CPU
		{D26D7A15-7336-4423-B757-82CD78E363EC}.Debug|x64.ActiveCfg = Debug|Any CPU
		{D26D7A15-7336-4423-B757-82CD78E363EC}.Debug|x64.Build.0 = Debug|Any CPU
		{D26D7A15-7336-4423-B757-82CD78E363EC}.Debug|x86.ActiveCfg = Debug|Any CPU
		{D26D7A15-7336-4423-B757-82CD78E363EC}.Debug|x86.Build.0 = Debug|Any CPU
		{D26D7A15-7336-4423-B757-82CD78E363EC}.Release|Any CPU.ActiveCfg = Release|Any CPU
		{D26D7A15-7336-4423-B757-82CD78E363EC}.Release|Any CPU.Build.0 = Release|Any CPU
		{D26D7A15-7336-4423-B757-82CD78E363EC}.Release|ARM64.ActiveCfg = Release|Any CPU
		{D26D7A15-7336-4423-B757-82CD78E363EC}.Release|ARM64.Build.0 = Release|Any CPU
		{D26D7A15-7336-4423-B757-82CD78E363EC}.Release|x64.ActiveCfg = Release|Any CPU
		{D26D7A15-7336-4423-B757-82CD78E363EC}.Release|x64.Build.0 = Release|Any CPU
		{D26D7A15-7336-4423-B757-82CD78E363EC}.Release|x86.ActiveCfg = Release|Any CPU
		{D26D7A15-7336-4423-B757-82CD78E363EC}.Release|x86.Build.0 = Release|Any CPU
		{50D5FB0C-EAE1-4520-8863-22118478AE84}.Debug|Any CPU.ActiveCfg = Debug|Any CPU
		{50D5FB0C-EAE1-4520-8863-22118478AE84}.Debug|Any CPU.Build.0 = Debug|Any CPU
		{50D5FB0C-EAE1-4520-8863-22118478AE84}.Debug|ARM64.ActiveCfg = Debug|Any CPU
		{50D5FB0C-EAE1-4520-8863-22118478AE84}.Debug|ARM64.Build.0 = Debug|Any CPU
		{50D5FB0C-EAE1-4520-8863-22118478AE84}.Debug|x64.ActiveCfg = Debug|Any CPU
		{50D5FB0C-EAE1-4520-8863-22118478AE84}.Debug|x64.Build.0 = Debug|Any CPU
		{50D5FB0C-EAE1-4520-8863-22118478AE84}.Debug|x86.ActiveCfg = Debug|Any CPU
		{50D5FB0C-EAE1-4520-8863-22118478AE84}.Debug|x86.Build.0 = Debug|Any CPU
		{50D5FB0C-EAE1-4520-8863-22118478AE84}.Release|Any CPU.ActiveCfg = Release|Any CPU
		{50D5FB0C-EAE1-4520-8863-22118478AE84}.Release|Any CPU.Build.0 = Release|Any CPU
		{50D5FB0C-EAE1-4520-8863-22118478AE84}.Release|ARM64.ActiveCfg = Release|Any CPU
		{50D5FB0C-EAE1-4520-8863-22118478AE84}.Release|ARM64.Build.0 = Release|Any CPU
		{50D5FB0C-EAE1-4520-8863-22118478AE84}.Release|x64.ActiveCfg = Release|Any CPU
		{50D5FB0C-EAE1-4520-8863-22118478AE84}.Release|x64.Build.0 = Release|Any CPU
		{50D5FB0C-EAE1-4520-8863-22118478AE84}.Release|x86.ActiveCfg = Release|Any CPU
		{50D5FB0C-EAE1-4520-8863-22118478AE84}.Release|x86.Build.0 = Release|Any CPU
		{6767BC89-FAEE-4137-A578-86E96D170BA0}.Debug|Any CPU.ActiveCfg = Debug|Any CPU
		{6767BC89-FAEE-4137-A578-86E96D170BA0}.Debug|Any CPU.Build.0 = Debug|Any CPU
		{6767BC89-FAEE-4137-A578-86E96D170BA0}.Debug|ARM64.ActiveCfg = Debug|Any CPU
		{6767BC89-FAEE-4137-A578-86E96D170BA0}.Debug|ARM64.Build.0 = Debug|Any CPU
		{6767BC89-FAEE-4137-A578-86E96D170BA0}.Debug|x64.ActiveCfg = Debug|Any CPU
		{6767BC89-FAEE-4137-A578-86E96D170BA0}.Debug|x64.Build.0 = Debug|Any CPU
		{6767BC89-FAEE-4137-A578-86E96D170BA0}.Debug|x86.ActiveCfg = Debug|Any CPU
		{6767BC89-FAEE-4137-A578-86E96D170BA0}.Debug|x86.Build.0 = Debug|Any CPU
		{6767BC89-FAEE-4137-A578-86E96D170BA0}.Release|Any CPU.ActiveCfg = Release|Any CPU
		{6767BC89-FAEE-4137-A578-86E96D170BA0}.Release|Any CPU.Build.0 = Release|Any CPU
		{6767BC89-FAEE-4137-A578-86E96D170BA0}.Release|ARM64.ActiveCfg = Release|Any CPU
		{6767BC89-FAEE-4137-A578-86E96D170BA0}.Release|ARM64.Build.0 = Release|Any CPU
		{6767BC89-FAEE-4137-A578-86E96D170BA0}.Release|x64.ActiveCfg = Release|Any CPU
		{6767BC89-FAEE-4137-A578-86E96D170BA0}.Release|x64.Build.0 = Release|Any CPU
		{6767BC89-FAEE-4137-A578-86E96D170BA0}.Release|x86.ActiveCfg = Release|Any CPU
		{6767BC89-FAEE-4137-A578-86E96D170BA0}.Release|x86.Build.0 = Release|Any CPU
		{4A2D04DC-7DCE-422C-A3A7-ECBD76B64D80}.Debug|Any CPU.ActiveCfg = Debug|Any CPU
		{4A2D04DC-7DCE-422C-A3A7-ECBD76B64D80}.Debug|Any CPU.Build.0 = Debug|Any CPU
		{4A2D04DC-7DCE-422C-A3A7-ECBD76B64D80}.Debug|ARM64.ActiveCfg = Debug|Any CPU
		{4A2D04DC-7DCE-422C-A3A7-ECBD76B64D80}.Debug|ARM64.Build.0 = Debug|Any CPU
		{4A2D04DC-7DCE-422C-A3A7-ECBD76B64D80}.Debug|x64.ActiveCfg = Debug|Any CPU
		{4A2D04DC-7DCE-422C-A3A7-ECBD76B64D80}.Debug|x64.Build.0 = Debug|Any CPU
		{4A2D04DC-7DCE-422C-A3A7-ECBD76B64D80}.Debug|x86.ActiveCfg = Debug|Any CPU
		{4A2D04DC-7DCE-422C-A3A7-ECBD76B64D80}.Debug|x86.Build.0 = Debug|Any CPU
		{4A2D04DC-7DCE-422C-A3A7-ECBD76B64D80}.Release|Any CPU.ActiveCfg = Release|Any CPU
		{4A2D04DC-7DCE-422C-A3A7-ECBD76B64D80}.Release|Any CPU.Build.0 = Release|Any CPU
		{4A2D04DC-7DCE-422C-A3A7-ECBD76B64D80}.Release|ARM64.ActiveCfg = Release|Any CPU
		{4A2D04DC-7DCE-422C-A3A7-ECBD76B64D80}.Release|ARM64.Build.0 = Release|Any CPU
		{4A2D04DC-7DCE-422C-A3A7-ECBD76B64D80}.Release|x64.ActiveCfg = Release|Any CPU
		{4A2D04DC-7DCE-422C-A3A7-ECBD76B64D80}.Release|x64.Build.0 = Release|Any CPU
		{4A2D04DC-7DCE-422C-A3A7-ECBD76B64D80}.Release|x86.ActiveCfg = Release|Any CPU
		{4A2D04DC-7DCE-422C-A3A7-ECBD76B64D80}.Release|x86.Build.0 = Release|Any CPU
		{01BCEE07-CCFB-4827-9C88-684E183572D1}.Debug|Any CPU.ActiveCfg = Debug|Any CPU
		{01BCEE07-CCFB-4827-9C88-684E183572D1}.Debug|Any CPU.Build.0 = Debug|Any CPU
		{01BCEE07-CCFB-4827-9C88-684E183572D1}.Debug|ARM64.ActiveCfg = Debug|Any CPU
		{01BCEE07-CCFB-4827-9C88-684E183572D1}.Debug|ARM64.Build.0 = Debug|Any CPU
		{01BCEE07-CCFB-4827-9C88-684E183572D1}.Debug|x64.ActiveCfg = Debug|Any CPU
		{01BCEE07-CCFB-4827-9C88-684E183572D1}.Debug|x64.Build.0 = Debug|Any CPU
		{01BCEE07-CCFB-4827-9C88-684E183572D1}.Debug|x86.ActiveCfg = Debug|Any CPU
		{01BCEE07-CCFB-4827-9C88-684E183572D1}.Debug|x86.Build.0 = Debug|Any CPU
		{01BCEE07-CCFB-4827-9C88-684E183572D1}.Release|Any CPU.ActiveCfg = Release|Any CPU
		{01BCEE07-CCFB-4827-9C88-684E183572D1}.Release|Any CPU.Build.0 = Release|Any CPU
		{01BCEE07-CCFB-4827-9C88-684E183572D1}.Release|ARM64.ActiveCfg = Release|Any CPU
		{01BCEE07-CCFB-4827-9C88-684E183572D1}.Release|ARM64.Build.0 = Release|Any CPU
		{01BCEE07-CCFB-4827-9C88-684E183572D1}.Release|x64.ActiveCfg = Release|Any CPU
		{01BCEE07-CCFB-4827-9C88-684E183572D1}.Release|x64.Build.0 = Release|Any CPU
		{01BCEE07-CCFB-4827-9C88-684E183572D1}.Release|x86.ActiveCfg = Release|Any CPU
		{01BCEE07-CCFB-4827-9C88-684E183572D1}.Release|x86.Build.0 = Release|Any CPU
		{EAC77568-1CFB-4D57-8EA4-7567B78F8614}.Debug|Any CPU.ActiveCfg = Debug|Any CPU
		{EAC77568-1CFB-4D57-8EA4-7567B78F8614}.Debug|Any CPU.Build.0 = Debug|Any CPU
		{EAC77568-1CFB-4D57-8EA4-7567B78F8614}.Debug|ARM64.ActiveCfg = Debug|Any CPU
		{EAC77568-1CFB-4D57-8EA4-7567B78F8614}.Debug|ARM64.Build.0 = Debug|Any CPU
		{EAC77568-1CFB-4D57-8EA4-7567B78F8614}.Debug|x64.ActiveCfg = Debug|Any CPU
		{EAC77568-1CFB-4D57-8EA4-7567B78F8614}.Debug|x64.Build.0 = Debug|Any CPU
		{EAC77568-1CFB-4D57-8EA4-7567B78F8614}.Debug|x86.ActiveCfg = Debug|Any CPU
		{EAC77568-1CFB-4D57-8EA4-7567B78F8614}.Debug|x86.Build.0 = Debug|Any CPU
		{EAC77568-1CFB-4D57-8EA4-7567B78F8614}.Release|Any CPU.ActiveCfg = Release|Any CPU
		{EAC77568-1CFB-4D57-8EA4-7567B78F8614}.Release|Any CPU.Build.0 = Release|Any CPU
		{EAC77568-1CFB-4D57-8EA4-7567B78F8614}.Release|ARM64.ActiveCfg = Release|Any CPU
		{EAC77568-1CFB-4D57-8EA4-7567B78F8614}.Release|ARM64.Build.0 = Release|Any CPU
		{EAC77568-1CFB-4D57-8EA4-7567B78F8614}.Release|x64.ActiveCfg = Release|Any CPU
		{EAC77568-1CFB-4D57-8EA4-7567B78F8614}.Release|x64.Build.0 = Release|Any CPU
		{EAC77568-1CFB-4D57-8EA4-7567B78F8614}.Release|x86.ActiveCfg = Release|Any CPU
		{EAC77568-1CFB-4D57-8EA4-7567B78F8614}.Release|x86.Build.0 = Release|Any CPU
		{5B29C0F5-ED51-4182-9B38-FA1FE3F236B8}.Debug|Any CPU.ActiveCfg = Debug|Any CPU
		{5B29C0F5-ED51-4182-9B38-FA1FE3F236B8}.Debug|Any CPU.Build.0 = Debug|Any CPU
		{5B29C0F5-ED51-4182-9B38-FA1FE3F236B8}.Debug|ARM64.ActiveCfg = Debug|Any CPU
		{5B29C0F5-ED51-4182-9B38-FA1FE3F236B8}.Debug|ARM64.Build.0 = Debug|Any CPU
		{5B29C0F5-ED51-4182-9B38-FA1FE3F236B8}.Debug|x64.ActiveCfg = Debug|Any CPU
		{5B29C0F5-ED51-4182-9B38-FA1FE3F236B8}.Debug|x64.Build.0 = Debug|Any CPU
		{5B29C0F5-ED51-4182-9B38-FA1FE3F236B8}.Debug|x86.ActiveCfg = Debug|Any CPU
		{5B29C0F5-ED51-4182-9B38-FA1FE3F236B8}.Debug|x86.Build.0 = Debug|Any CPU
		{5B29C0F5-ED51-4182-9B38-FA1FE3F236B8}.Release|Any CPU.ActiveCfg = Release|Any CPU
		{5B29C0F5-ED51-4182-9B38-FA1FE3F236B8}.Release|Any CPU.Build.0 = Release|Any CPU
		{5B29C0F5-ED51-4182-9B38-FA1FE3F236B8}.Release|ARM64.ActiveCfg = Release|Any CPU
		{5B29C0F5-ED51-4182-9B38-FA1FE3F236B8}.Release|ARM64.Build.0 = Release|Any CPU
		{5B29C0F5-ED51-4182-9B38-FA1FE3F236B8}.Release|x64.ActiveCfg = Release|Any CPU
		{5B29C0F5-ED51-4182-9B38-FA1FE3F236B8}.Release|x64.Build.0 = Release|Any CPU
		{5B29C0F5-ED51-4182-9B38-FA1FE3F236B8}.Release|x86.ActiveCfg = Release|Any CPU
		{5B29C0F5-ED51-4182-9B38-FA1FE3F236B8}.Release|x86.Build.0 = Release|Any CPU
		{45B17E8F-2B44-4849-94AF-9A809D6783CE}.Debug|Any CPU.ActiveCfg = Debug|Any CPU
		{45B17E8F-2B44-4849-94AF-9A809D6783CE}.Debug|Any CPU.Build.0 = Debug|Any CPU
		{45B17E8F-2B44-4849-94AF-9A809D6783CE}.Debug|ARM64.ActiveCfg = Debug|Any CPU
		{45B17E8F-2B44-4849-94AF-9A809D6783CE}.Debug|ARM64.Build.0 = Debug|Any CPU
		{45B17E8F-2B44-4849-94AF-9A809D6783CE}.Debug|x64.ActiveCfg = Debug|Any CPU
		{45B17E8F-2B44-4849-94AF-9A809D6783CE}.Debug|x64.Build.0 = Debug|Any CPU
		{45B17E8F-2B44-4849-94AF-9A809D6783CE}.Debug|x86.ActiveCfg = Debug|Any CPU
		{45B17E8F-2B44-4849-94AF-9A809D6783CE}.Debug|x86.Build.0 = Debug|Any CPU
		{45B17E8F-2B44-4849-94AF-9A809D6783CE}.Release|Any CPU.ActiveCfg = Release|Any CPU
		{45B17E8F-2B44-4849-94AF-9A809D6783CE}.Release|Any CPU.Build.0 = Release|Any CPU
		{45B17E8F-2B44-4849-94AF-9A809D6783CE}.Release|ARM64.ActiveCfg = Release|Any CPU
		{45B17E8F-2B44-4849-94AF-9A809D6783CE}.Release|ARM64.Build.0 = Release|Any CPU
		{45B17E8F-2B44-4849-94AF-9A809D6783CE}.Release|x64.ActiveCfg = Release|Any CPU
		{45B17E8F-2B44-4849-94AF-9A809D6783CE}.Release|x64.Build.0 = Release|Any CPU
		{45B17E8F-2B44-4849-94AF-9A809D6783CE}.Release|x86.ActiveCfg = Release|Any CPU
		{45B17E8F-2B44-4849-94AF-9A809D6783CE}.Release|x86.Build.0 = Release|Any CPU
		{B0C0CDBD-FB76-4855-BB50-29E656899CB4}.Debug|Any CPU.ActiveCfg = Debug|Any CPU
		{B0C0CDBD-FB76-4855-BB50-29E656899CB4}.Debug|Any CPU.Build.0 = Debug|Any CPU
		{B0C0CDBD-FB76-4855-BB50-29E656899CB4}.Debug|ARM64.ActiveCfg = Debug|Any CPU
		{B0C0CDBD-FB76-4855-BB50-29E656899CB4}.Debug|ARM64.Build.0 = Debug|Any CPU
		{B0C0CDBD-FB76-4855-BB50-29E656899CB4}.Debug|x64.ActiveCfg = Debug|Any CPU
		{B0C0CDBD-FB76-4855-BB50-29E656899CB4}.Debug|x64.Build.0 = Debug|Any CPU
		{B0C0CDBD-FB76-4855-BB50-29E656899CB4}.Debug|x86.ActiveCfg = Debug|Any CPU
		{B0C0CDBD-FB76-4855-BB50-29E656899CB4}.Debug|x86.Build.0 = Debug|Any CPU
		{B0C0CDBD-FB76-4855-BB50-29E656899CB4}.Release|Any CPU.ActiveCfg = Release|Any CPU
		{B0C0CDBD-FB76-4855-BB50-29E656899CB4}.Release|Any CPU.Build.0 = Release|Any CPU
		{B0C0CDBD-FB76-4855-BB50-29E656899CB4}.Release|ARM64.ActiveCfg = Release|Any CPU
		{B0C0CDBD-FB76-4855-BB50-29E656899CB4}.Release|ARM64.Build.0 = Release|Any CPU
		{B0C0CDBD-FB76-4855-BB50-29E656899CB4}.Release|x64.ActiveCfg = Release|Any CPU
		{B0C0CDBD-FB76-4855-BB50-29E656899CB4}.Release|x64.Build.0 = Release|Any CPU
		{B0C0CDBD-FB76-4855-BB50-29E656899CB4}.Release|x86.ActiveCfg = Release|Any CPU
		{B0C0CDBD-FB76-4855-BB50-29E656899CB4}.Release|x86.Build.0 = Release|Any CPU
		{6B564022-3DA1-4069-8C36-E20AF9ED70BC}.Debug|Any CPU.ActiveCfg = Debug
		{6B564022-3DA1-4069-8C36-E20AF9ED70BC}.Debug|ARM64.ActiveCfg = Debug
		{6B564022-3DA1-4069-8C36-E20AF9ED70BC}.Debug|ARM64.Build.0 = Debug
		{6B564022-3DA1-4069-8C36-E20AF9ED70BC}.Debug|x64.ActiveCfg = Debug
		{6B564022-3DA1-4069-8C36-E20AF9ED70BC}.Debug|x86.ActiveCfg = Debug
		{6B564022-3DA1-4069-8C36-E20AF9ED70BC}.Debug|x86.Build.0 = Debug
		{6B564022-3DA1-4069-8C36-E20AF9ED70BC}.Release|Any CPU.ActiveCfg = Release
		{6B564022-3DA1-4069-8C36-E20AF9ED70BC}.Release|ARM64.ActiveCfg = Release
		{6B564022-3DA1-4069-8C36-E20AF9ED70BC}.Release|ARM64.Build.0 = Release
		{6B564022-3DA1-4069-8C36-E20AF9ED70BC}.Release|x64.ActiveCfg = Release
		{6B564022-3DA1-4069-8C36-E20AF9ED70BC}.Release|x86.ActiveCfg = Release
		{6B564022-3DA1-4069-8C36-E20AF9ED70BC}.Release|x86.Build.0 = Release
		{2EDBC5AF-7F29-4158-997D-2615D5D39CFD}.Debug|Any CPU.ActiveCfg = Debug|x64
		{2EDBC5AF-7F29-4158-997D-2615D5D39CFD}.Debug|Any CPU.Build.0 = Debug|x64
		{2EDBC5AF-7F29-4158-997D-2615D5D39CFD}.Debug|ARM64.ActiveCfg = Debug|ARM64
		{2EDBC5AF-7F29-4158-997D-2615D5D39CFD}.Debug|ARM64.Build.0 = Debug|ARM64
		{2EDBC5AF-7F29-4158-997D-2615D5D39CFD}.Debug|x64.ActiveCfg = Debug|x64
		{2EDBC5AF-7F29-4158-997D-2615D5D39CFD}.Debug|x64.Build.0 = Debug|x64
		{2EDBC5AF-7F29-4158-997D-2615D5D39CFD}.Debug|x86.ActiveCfg = Debug|x86
		{2EDBC5AF-7F29-4158-997D-2615D5D39CFD}.Debug|x86.Build.0 = Debug|x86
		{2EDBC5AF-7F29-4158-997D-2615D5D39CFD}.Release|Any CPU.ActiveCfg = Release|x64
		{2EDBC5AF-7F29-4158-997D-2615D5D39CFD}.Release|Any CPU.Build.0 = Release|x64
		{2EDBC5AF-7F29-4158-997D-2615D5D39CFD}.Release|ARM64.ActiveCfg = Release|ARM64
		{2EDBC5AF-7F29-4158-997D-2615D5D39CFD}.Release|ARM64.Build.0 = Release|ARM64
		{2EDBC5AF-7F29-4158-997D-2615D5D39CFD}.Release|x64.ActiveCfg = Release|x64
		{2EDBC5AF-7F29-4158-997D-2615D5D39CFD}.Release|x64.Build.0 = Release|x64
		{2EDBC5AF-7F29-4158-997D-2615D5D39CFD}.Release|x86.ActiveCfg = Release|x86
		{2EDBC5AF-7F29-4158-997D-2615D5D39CFD}.Release|x86.Build.0 = Release|x86
	EndGlobalSection
	GlobalSection(SolutionProperties) = preSolution
		HideSolutionNode = FALSE
	EndGlobalSection
	GlobalSection(NestedProjects) = preSolution
		{BC1A5B04-8C37-4DA5-8CA7-D6EE7EE84E0B} = {86E46696-D8F7-4CAB-97B9-00AA72E8BBC2}
		{98FC9311-F3BD-4C6B-8550-2DAEA7B6C4F8} = {86E46696-D8F7-4CAB-97B9-00AA72E8BBC2}
		{0A6880FE-FF83-4653-B606-03A5DE73B28A} = {86E46696-D8F7-4CAB-97B9-00AA72E8BBC2}
		{6E319352-5695-4B9B-8FD9-5E0BDEF9ACF2} = {86E46696-D8F7-4CAB-97B9-00AA72E8BBC2}
		{84D37D98-74C3-4D48-A033-B4D90F667D6D} = {86E46696-D8F7-4CAB-97B9-00AA72E8BBC2}
		{16EAAD12-EC7F-4E8C-9629-97A5C9F0CE27} = {86E46696-D8F7-4CAB-97B9-00AA72E8BBC2}
		{6AE13204-E6EE-439A-8A9B-F60C72FD1683} = {86E46696-D8F7-4CAB-97B9-00AA72E8BBC2}
		{C549B485-C49B-4839-9C6E-2E2BF29B60B1} = {86E46696-D8F7-4CAB-97B9-00AA72E8BBC2}
		{43947247-0E64-4584-A38F-F7419056FC26} = {86E46696-D8F7-4CAB-97B9-00AA72E8BBC2}
		{559989D3-67C0-4732-BC8C-7710B50E48FC} = {86E46696-D8F7-4CAB-97B9-00AA72E8BBC2}
		{369CCCD3-B6A4-4C1C-9821-7EBFAA63B768} = {86E46696-D8F7-4CAB-97B9-00AA72E8BBC2}
		{9D263B71-FB28-499B-AF9D-B03FE11286D6} = {86E46696-D8F7-4CAB-97B9-00AA72E8BBC2}
		{26E2D25E-896D-4962-8553-B87C30D887CD} = {86E46696-D8F7-4CAB-97B9-00AA72E8BBC2}
		{3B2B948E-44F6-41E5-A6A6-460ED61C56B9} = {86E46696-D8F7-4CAB-97B9-00AA72E8BBC2}
		{07D55639-7E8C-4A46-9396-ABEDDB42C192} = {86E46696-D8F7-4CAB-97B9-00AA72E8BBC2}
		{D86FDBB9-55CF-4608-9E40-86813D2C3DF6} = {86E46696-D8F7-4CAB-97B9-00AA72E8BBC2}
		{D26D7A15-7336-4423-B757-82CD78E363EC} = {86E46696-D8F7-4CAB-97B9-00AA72E8BBC2}
		{50D5FB0C-EAE1-4520-8863-22118478AE84} = {86E46696-D8F7-4CAB-97B9-00AA72E8BBC2}
		{6767BC89-FAEE-4137-A578-86E96D170BA0} = {86E46696-D8F7-4CAB-97B9-00AA72E8BBC2}
		{4A2D04DC-7DCE-422C-A3A7-ECBD76B64D80} = {86E46696-D8F7-4CAB-97B9-00AA72E8BBC2}
		{01BCEE07-CCFB-4827-9C88-684E183572D1} = {86E46696-D8F7-4CAB-97B9-00AA72E8BBC2}
		{EAC77568-1CFB-4D57-8EA4-7567B78F8614} = {86E46696-D8F7-4CAB-97B9-00AA72E8BBC2}
		{5B29C0F5-ED51-4182-9B38-FA1FE3F236B8} = {86E46696-D8F7-4CAB-97B9-00AA72E8BBC2}
		{45B17E8F-2B44-4849-94AF-9A809D6783CE} = {86E46696-D8F7-4CAB-97B9-00AA72E8BBC2}
	EndGlobalSection
	GlobalSection(ExtensibilityGlobals) = postSolution
		SolutionGuid = {B9BEB688-F203-4219-870C-14B6A5321464}
	EndGlobalSection
EndGlobal
