
Microsoft Visual Studio Solution File, Format Version 12.00
# Visual Studio Version 17
VisualStudioVersion = 17.8.34309.116
MinimumVisualStudioVersion = 10.0.40219.1
Project("{9A19103F-16F7-4668-BE54-9A1E7A4F7556}") = "AICodingCoach", "AICodingCoach\AICodingCoach.csproj", "{EF35116F-D1F7-4533-BE3D-BF2466A52589}"
EndProject
Global
	GlobalSection(SolutionConfigurationPlatforms) = preSolution
		Debug|Any CPU = Debug|Any CPU
		Release|Any CPU = Release|Any CPU
	EndGlobalSection
	GlobalSection(ProjectConfigurationPlatforms) = postSolution
		{EF35116F-D1F7-4533-BE3D-BF2466A52589}.Debug|Any CPU.ActiveCfg = Debug|Any CPU
		{EF35116F-D1F7-4533-BE3D-BF2466A52589}.Debug|Any CPU.Build.0 = Debug|Any CPU
		{EF35116F-D1F7-4533-BE3D-BF2466A52589}.Release|Any CPU.ActiveCfg = Release|Any CPU
		{EF35116F-D1F7-4533-BE3D-BF2466A52589}.Release|Any CPU.Build.0 = Release|Any CPU
	EndGlobalSection
	GlobalSection(SolutionProperties) = preSolution
		HideSolutionNode = FALSE
	EndGlobalSection
	GlobalSection(ExtensibilityGlobals) = postSolution
		SolutionGuid = {B9BEB688-F203-4219-870C-14B6A5321464}
	EndGlobalSection
EndGlobal
